
Microsoft Visual Studio Solution File, Format Version 12.00
# Visual Studio Version 16
VisualStudioVersion = 16.0.31105.61
MinimumVisualStudioVersion = 10.0.40219.1
Project("{FAE04EC0-301F-11D3-BF4B-00C04F79EFBC}") = "AFI_Registration", "AFI Registration\AFI_Registration.csproj", "{97F61A13-FBFC-45CC-98A7-F422DF0D4B14}"
EndProject
Project("{FAE04EC0-301F-11D3-BF4B-00C04F79EFBC}") = "AFI_Registration.Common", "AFI_Registration.Common\AFI_Registration.Common.csproj", "{C267B1EB-9638-495B-BC92-CD08EA6A2E5C}"
EndProject
Project("{FAE04EC0-301F-11D3-BF4B-00C04F79EFBC}") = "AFI_Registration.Data", "AFI_Registration.Data\AFI_Registration.Data.csproj", "{0B205EE8-C443-475D-A5E1-47B07B44A890}"
EndProject
Project("{FAE04EC0-301F-11D3-BF4B-00C04F79EFBC}") = "AFI_Registration.Business", "AFI_Registration.Business\AFI_Registration.Business.csproj", "{D9718AE8-4893-4F29-8CAD-A85A0A05DA93}"
EndProject
Project("{2150E333-8FDC-42A3-9474-1A3956D46DE8}") = "API", "API", "{95AD52B1-BE87-41E5-B5E0-756E10AC15A0}"
EndProject
Project("{2150E333-8FDC-42A3-9474-1A3956D46DE8}") = "UnitTest", "UnitTest", "{B0739A0A-7C64-4B96-808A-7E67F9B7C6D5}"
EndProject
Project("{FAE04EC0-301F-11D3-BF4B-00C04F79EFBC}") = "AFI_Registration.Test", "AFI_Registration.Test\AFI_Registration.Test.csproj", "{727CE038-FFC7-44E4-998A-FBDFB285E0DF}"
EndProject
Global
	GlobalSection(SolutionConfigurationPlatforms) = preSolution
		Debug|Any CPU = Debug|Any CPU
		Release|Any CPU = Release|Any CPU
	EndGlobalSection
	GlobalSection(ProjectConfigurationPlatforms) = postSolution
		{97F61A13-FBFC-45CC-98A7-F422DF0D4B14}.Debug|Any CPU.ActiveCfg = Debug|Any CPU
		{97F61A13-FBFC-45CC-98A7-F422DF0D4B14}.Debug|Any CPU.Build.0 = Debug|Any CPU
		{97F61A13-FBFC-45CC-98A7-F422DF0D4B14}.Release|Any CPU.ActiveCfg = Release|Any CPU
		{97F61A13-FBFC-45CC-98A7-F422DF0D4B14}.Release|Any CPU.Build.0 = Release|Any CPU
		{C267B1EB-9638-495B-BC92-CD08EA6A2E5C}.Debug|Any CPU.ActiveCfg = Debug|Any CPU
		{C267B1EB-9638-495B-BC92-CD08EA6A2E5C}.Debug|Any CPU.Build.0 = Debug|Any CPU
		{C267B1EB-9638-495B-BC92-CD08EA6A2E5C}.Release|Any CPU.ActiveCfg = Release|Any CPU
		{C267B1EB-9638-495B-BC92-CD08EA6A2E5C}.Release|Any CPU.Build.0 = Release|Any CPU
		{0B205EE8-C443-475D-A5E1-47B07B44A890}.Debug|Any CPU.ActiveCfg = Debug|Any CPU
		{0B205EE8-C443-475D-A5E1-47B07B44A890}.Debug|Any CPU.Build.0 = Debug|Any CPU
		{0B205EE8-C443-475D-A5E1-47B07B44A890}.Release|Any CPU.ActiveCfg = Release|Any CPU
		{0B205EE8-C443-475D-A5E1-47B07B44A890}.Release|Any CPU.Build.0 = Release|Any CPU
		{D9718AE8-4893-4F29-8CAD-A85A0A05DA93}.Debug|Any CPU.ActiveCfg = Debug|Any CPU
		{D9718AE8-4893-4F29-8CAD-A85A0A05DA93}.Debug|Any CPU.Build.0 = Debug|Any CPU
		{D9718AE8-4893-4F29-8CAD-A85A0A05DA93}.Release|Any CPU.ActiveCfg = Release|Any CPU
		{D9718AE8-4893-4F29-8CAD-A85A0A05DA93}.Release|Any CPU.Build.0 = Release|Any CPU
		{727CE038-FFC7-44E4-998A-FBDFB285E0DF}.Debug|Any CPU.ActiveCfg = Debug|Any CPU
		{727CE038-FFC7-44E4-998A-FBDFB285E0DF}.Debug|Any CPU.Build.0 = Debug|Any CPU
		{727CE038-FFC7-44E4-998A-FBDFB285E0DF}.Release|Any CPU.ActiveCfg = Release|Any CPU
		{727CE038-FFC7-44E4-998A-FBDFB285E0DF}.Release|Any CPU.Build.0 = Release|Any CPU
	EndGlobalSection
	GlobalSection(SolutionProperties) = preSolution
		HideSolutionNode = FALSE
	EndGlobalSection
	GlobalSection(NestedProjects) = preSolution
		{97F61A13-FBFC-45CC-98A7-F422DF0D4B14} = {95AD52B1-BE87-41E5-B5E0-756E10AC15A0}
		{C267B1EB-9638-495B-BC92-CD08EA6A2E5C} = {95AD52B1-BE87-41E5-B5E0-756E10AC15A0}
		{0B205EE8-C443-475D-A5E1-47B07B44A890} = {95AD52B1-BE87-41E5-B5E0-756E10AC15A0}
		{D9718AE8-4893-4F29-8CAD-A85A0A05DA93} = {95AD52B1-BE87-41E5-B5E0-756E10AC15A0}
		{727CE038-FFC7-44E4-998A-FBDFB285E0DF} = {B0739A0A-7C64-4B96-808A-7E67F9B7C6D5}
	EndGlobalSection
	GlobalSection(ExtensibilityGlobals) = postSolution
		SolutionGuid = {3F901351-63A0-4831-AF50-F82582FECD0E}
	EndGlobalSection
EndGlobal
